// !$*UTF8*$!
{
	archiveVersion = 1;
	classes = {
	};
	objectVersion = 50;
	objects = {

/* Begin PBXBuildFile section */
		59B207B724A846C800AE8600 /* AppDelegate.swift in Sources */ = {isa = PBXBuildFile; fileRef = 59B207B624A846C800AE8600 /* AppDelegate.swift */; };
		59B207B924A846C800AE8600 /* SceneDelegate.swift in Sources */ = {isa = PBXBuildFile; fileRef = 59B207B824A846C800AE8600 /* SceneDelegate.swift */; };
		59B207BB24A846C800AE8600 /* ViewController.swift in Sources */ = {isa = PBXBuildFile; fileRef = 59B207BA24A846C800AE8600 /* ViewController.swift */; };
		59B207BE24A846C800AE8600 /* Main.storyboard in Resources */ = {isa = PBXBuildFile; fileRef = 59B207BC24A846C800AE8600 /* Main.storyboard */; };
		59B207C024A846CD00AE8600 /* Assets.xcassets in Resources */ = {isa = PBXBuildFile; fileRef = 59B207BF24A846CD00AE8600 /* Assets.xcassets */; };
		59B207C324A846CD00AE8600 /* LaunchScreen.storyboard in Resources */ = {isa = PBXBuildFile; fileRef = 59B207C124A846CD00AE8600 /* LaunchScreen.storyboard */; };
		59B207CE24A846CD00AE8600 /* cw5Tests.swift in Sources */ = {isa = PBXBuildFile; fileRef = 59B207CD24A846CD00AE8600 /* cw5Tests.swift */; };
		59B207D924A846CD00AE8600 /* cw5UITests.swift in Sources */ = {isa = PBXBuildFile; fileRef = 59B207D824A846CD00AE8600 /* cw5UITests.swift */; };
/* End PBXBuildFile section */

/* Begin PBXContainerItemProxy section */
		59B207CA24A846CD00AE8600 /* PBXContainerItemProxy */ = {
			isa = PBXContainerItemProxy;
			containerPortal = 59B207AB24A846C800AE8600 /* Project object */;
			proxyType = 1;
			remoteGlobalIDString = 59B207B224A846C800AE8600;
			remoteInfo = cw5;
		};
		59B207D524A846CD00AE8600 /* PBXContainerItemProxy */ = {
			isa = PBXContainerItemProxy;
			containerPortal = 59B207AB24A846C800AE8600 /* Project object */;
			proxyType = 1;
			remoteGlobalIDString = 59B207B224A846C800AE8600;
			remoteInfo = cw5;
		};
/* End PBXContainerItemProxy section */

/* Begin PBXFileReference section */
		59B207B324A846C800AE8600 /* xo.app */ = {isa = PBXFileReference; explicitFileType = wrapper.application; includeInIndex = 0; path = xo.app; sourceTree = BUILT_PRODUCTS_DIR; };
		59B207B624A846C800AE8600 /* AppDelegate.swift */ = {isa = PBXFileReference; lastKnownFileType = sourcecode.swift; path = AppDelegate.swift; sourceTree = "<group>"; };
		59B207B824A846C800AE8600 /* SceneDelegate.swift */ = {isa = PBXFileReference; lastKnownFileType = sourcecode.swift; path = SceneDelegate.swift; sourceTree = "<group>"; };
		59B207BA24A846C800AE8600 /* ViewController.swift */ = {isa = PBXFileReference; lastKnownFileType = sourcecode.swift; path = ViewController.swift; sourceTree = "<group>"; };
		59B207BD24A846C800AE8600 /* Base */ = {isa = PBXFileReference; lastKnownFileType = file.storyboard; name = Base; path = Base.lproj/Main.storyboard; sourceTree = "<group>"; };
		59B207BF24A846CD00AE8600 /* Assets.xcassets */ = {isa = PBXFileReference; lastKnownFileType = folder.assetcatalog; path = Assets.xcassets; sourceTree = "<group>"; };
		59B207C224A846CD00AE8600 /* Base */ = {isa = PBXFileReference; lastKnownFileType = file.storyboard; name = Base; path = Base.lproj/LaunchScreen.storyboard; sourceTree = "<group>"; };
		59B207C424A846CD00AE8600 /* Info.plist */ = {isa = PBXFileReference; lastKnownFileType = text.plist.xml; path = Info.plist; sourceTree = "<group>"; };
		59B207C924A846CD00AE8600 /* cw5Tests.xctest */ = {isa = PBXFileReference; explicitFileType = wrapper.cfbundle; includeInIndex = 0; path = cw5Tests.xctest; sourceTree = BUILT_PRODUCTS_DIR; };
		59B207CD24A846CD00AE8600 /* cw5Tests.swift */ = {isa = PBXFileReference; lastKnownFileType = sourcecode.swift; path = cw5Tests.swift; sourceTree = "<group>"; };
		59B207CF24A846CD00AE8600 /* Info.plist */ = {isa = PBXFileReference; lastKnownFileType = text.plist.xml; path = Info.plist; sourceTree = "<group>"; };
		59B207D424A846CD00AE8600 /* cw5UITests.xctest */ = {isa = PBXFileReference; explicitFileType = wrapper.cfbundle; includeInIndex = 0; path = cw5UITests.xctest; sourceTree = BUILT_PRODUCTS_DIR; };
		59B207D824A846CD00AE8600 /* cw5UITests.swift */ = {isa = PBXFileReference; lastKnownFileType = sourcecode.swift; path = cw5UITests.swift; sourceTree = "<group>"; };
		59B207DA24A846CD00AE8600 /* Info.plist */ = {isa = PBXFileReference; lastKnownFileType = text.plist.xml; path = Info.plist; sourceTree = "<group>"; };
/* End PBXFileReference section */

/* Begin PBXFrameworksBuildPhase section */
		59B207B024A846C800AE8600 /* Frameworks */ = {
			isa = PBXFrameworksBuildPhase;
			buildActionMask = 2147483647;
			files = (
			);
			runOnlyForDeploymentPostprocessing = 0;
		};
		59B207C624A846CD00AE8600 /* Frameworks */ = {
			isa = PBXFrameworksBuildPhase;
			buildActionMask = 2147483647;
			files = (
			);
			runOnlyForDeploymentPostprocessing = 0;
		};
		59B207D124A846CD00AE8600 /* Frameworks */ = {
			isa = PBXFrameworksBuildPhase;
			buildActionMask = 2147483647;
			files = (
			);
			runOnlyForDeploymentPostprocessing = 0;
		};
/* End PBXFrameworksBuildPhase section */

/* Begin PBXGroup section */
		59B207AA24A846C800AE8600 = {
			isa = PBXGroup;
			children = (
				59B207B524A846C800AE8600 /* cw5 */,
				59B207CC24A846CD00AE8600 /* cw5Tests */,
				59B207D724A846CD00AE8600 /* cw5UITests */,
				59B207B424A846C800AE8600 /* Products */,
			);
			sourceTree = "<group>";
		};
		59B207B424A846C800AE8600 /* Products */ = {
			isa = PBXGroup;
			children = (
				59B207B324A846C800AE8600 /* xo.app */,
				59B207C924A846CD00AE8600 /* cw5Tests.xctest */,
				59B207D424A846CD00AE8600 /* cw5UITests.xctest */,
			);
			name = Products;
			sourceTree = "<group>";
		};
		59B207B524A846C800AE8600 /* cw5 */ = {
			isa = PBXGroup;
			children = (
				59B207B624A846C800AE8600 /* AppDelegate.swift */,
				59B207B824A846C800AE8600 /* SceneDelegate.swift */,
				59B207BA24A846C800AE8600 /* ViewController.swift */,
				59B207BC24A846C800AE8600 /* Main.storyboard */,
				59B207BF24A846CD00AE8600 /* Assets.xcassets */,
				59B207C124A846CD00AE8600 /* LaunchScreen.storyboard */,
				59B207C424A846CD00AE8600 /* Info.plist */,
			);
			path = cw5;
			sourceTree = "<group>";
		};
		59B207CC24A846CD00AE8600 /* cw5Tests */ = {
			isa = PBXGroup;
			children = (
				59B207CD24A846CD00AE8600 /* cw5Tests.swift */,
				59B207CF24A846CD00AE8600 /* Info.plist */,
			);
			path = cw5Tests;
			sourceTree = "<group>";
		};
		59B207D724A846CD00AE8600 /* cw5UITests */ = {
			isa = PBXGroup;
			children = (
				59B207D824A846CD00AE8600 /* cw5UITests.swift */,
				59B207DA24A846CD00AE8600 /* Info.plist */,
			);
			path = cw5UITests;
			sourceTree = "<group>";
		};
/* End PBXGroup section */

/* Begin PBXNativeTarget section */
		59B207B224A846C800AE8600 /* cw5 */ = {
			isa = PBXNativeTarget;
			buildConfigurationList = 59B207DD24A846CD00AE8600 /* Build configuration list for PBXNativeTarget "cw5" */;
			buildPhases = (
				59B207AF24A846C800AE8600 /* Sources */,
				59B207B024A846C800AE8600 /* Frameworks */,
				59B207B124A846C800AE8600 /* Resources */,
			);
			buildRules = (
			);
			dependencies = (
			);
			name = cw5;
			productName = cw5;
			productReference = 59B207B324A846C800AE8600 /* xo.app */;
			productType = "com.apple.product-type.application";
		};
		59B207C824A846CD00AE8600 /* cw5Tests */ = {
			isa = PBXNativeTarget;
			buildConfigurationList = 59B207E024A846CD00AE8600 /* Build configuration list for PBXNativeTarget "cw5Tests" */;
			buildPhases = (
				59B207C524A846CD00AE8600 /* Sources */,
				59B207C624A846CD00AE8600 /* Frameworks */,
				59B207C724A846CD00AE8600 /* Resources */,
			);
			buildRules = (
			);
			dependencies = (
				59B207CB24A846CD00AE8600 /* PBXTargetDependency */,
			);
			name = cw5Tests;
			productName = cw5Tests;
			productReference = 59B207C924A846CD00AE8600 /* cw5Tests.xctest */;
			productType = "com.apple.product-type.bundle.unit-test";
		};
		59B207D324A846CD00AE8600 /* cw5UITests */ = {
			isa = PBXNativeTarget;
			buildConfigurationList = 59B207E324A846CD00AE8600 /* Build configuration list for PBXNativeTarget "cw5UITests" */;
			buildPhases = (
				59B207D024A846CD00AE8600 /* Sources */,
				59B207D124A846CD00AE8600 /* Frameworks */,
				59B207D224A846CD00AE8600 /* Resources */,
			);
			buildRules = (
			);
			dependencies = (
				59B207D624A846CD00AE8600 /* PBXTargetDependency */,
			);
			name = cw5UITests;
			productName = cw5UITests;
			productReference = 59B207D424A846CD00AE8600 /* cw5UITests.xctest */;
			productType = "com.apple.product-type.bundle.ui-testing";
		};
/* End PBXNativeTarget section */

/* Begin PBXProject section */
		59B207AB24A846C800AE8600 /* Project object */ = {
			isa = PBXProject;
			attributes = {
				LastSwiftUpdateCheck = 1150;
				LastUpgradeCheck = 1150;
				ORGANIZATIONNAME = "Batool Hussain";
				TargetAttributes = {
					59B207B224A846C800AE8600 = {
						CreatedOnToolsVersion = 11.5;
					};
					59B207C824A846CD00AE8600 = {
						CreatedOnToolsVersion = 11.5;
						TestTargetID = 59B207B224A846C800AE8600;
					};
					59B207D324A846CD00AE8600 = {
						CreatedOnToolsVersion = 11.5;
						TestTargetID = 59B207B224A846C800AE8600;
					};
				};
			};
			buildConfigurationList = 59B207AE24A846C800AE8600 /* Build configuration list for PBXProject "cw5" */;
			compatibilityVersion = "Xcode 9.3";
			developmentRegion = en;
			hasScannedForEncodings = 0;
			knownRegions = (
				en,
				Base,
			);
			mainGroup = 59B207AA24A846C800AE8600;
			productRefGroup = 59B207B424A846C800AE8600 /* Products */;
			projectDirPath = "";
			projectRoot = "";
			targets = (
				59B207B224A846C800AE8600 /* cw5 */,
				59B207C824A846CD00AE8600 /* cw5Tests */,
				59B207D324A846CD00AE8600 /* cw5UITests */,
			);
		};
/* End PBXProject section */

/* Begin PBXResourcesBuildPhase section */
		59B207B124A846C800AE8600 /* Resources */ = {
			isa = PBXResourcesBuildPhase;
			buildActionMask = 2147483647;
			files = (
				59B207C324A846CD00AE8600 /* LaunchScreen.storyboard in Resources */,
				59B207C024A846CD00AE8600 /* Assets.xcassets in Resources */,
				59B207BE24A846C800AE8600 /* Main.storyboard in Resources */,
			);
			runOnlyForDeploymentPostprocessing = 0;
		};
		59B207C724A846CD00AE8600 /* Resources */ = {
			isa = PBXResourcesBuildPhase;
			buildActionMask = 2147483647;
			files = (
			);
			runOnlyForDeploymentPostprocessing = 0;
		};
		59B207D224A846CD00AE8600 /* Resources */ = {
			isa = PBXResourcesBuildPhase;
			buildActionMask = 2147483647;
			files = (
			);
			runOnlyForDeploymentPostprocessing = 0;
		};
/* End PBXResourcesBuildPhase section */

/* Begin PBXSourcesBuildPhase section */
		59B207AF24A846C800AE8600 /* Sources */ = {
			isa = PBXSourcesBuildPhase;
			buildActionMask = 2147483647;
			files = (
				59B207BB24A846C800AE8600 /* ViewController.swift in Sources */,
				59B207B724A846C800AE8600 /* AppDelegate.swift in Sources */,
				59B207B924A846C800AE8600 /* SceneDelegate.swift in Sources */,
			);
			runOnlyForDeploymentPostprocessing = 0;
		};
		59B207C524A846CD00AE8600 /* Sources */ = {
			isa = PBXSourcesBuildPhase;
			buildActionMask = 2147483647;
			files = (
				59B207CE24A846CD00AE8600 /* cw5Tests.swift in Sources */,
			);
			runOnlyForDeploymentPostprocessing = 0;
		};
		59B207D024A846CD00AE8600 /* Sources */ = {
			isa = PBXSourcesBuildPhase;
			buildActionMask = 2147483647;
			files = (
				59B207D924A846CD00AE8600 /* cw5UITests.swift in Sources */,
			);
			runOnlyForDeploymentPostprocessing = 0;
		};
/* End PBXSourcesBuildPhase section */

/* Begin PBXTargetDependency section */
		59B207CB24A846CD00AE8600 /* PBXTargetDependency */ = {
			isa = PBXTargetDependency;
			target = 59B207B224A846C800AE8600 /* cw5 */;
			targetProxy = 59B207CA24A846CD00AE8600 /* PBXContainerItemProxy */;
		};
		59B207D624A846CD00AE8600 /* PBXTargetDependency */ = {
			isa = PBXTargetDependency;
			target = 59B207B224A846C800AE8600 /* cw5 */;
			targetProxy = 59B207D524A846CD00AE8600 /* PBXContainerItemProxy */;
		};
/* End PBXTargetDependency section */

/* Begin PBXVariantGroup section */
		59B207BC24A846C800AE8600 /* Main.storyboard */ = {
			isa = PBXVariantGroup;
			children = (
				59B207BD24A846C800AE8600 /* Base */,
			);
			name = Main.storyboard;
			sourceTree = "<group>";
		};
		59B207C124A846CD00AE8600 /* LaunchScreen.storyboard */ = {
			isa = PBXVariantGroup;
			children = (
				59B207C224A846CD00AE8600 /* Base */,
			);
			name = LaunchScreen.storyboard;
			sourceTree = "<group>";
		};
/* End PBXVariantGroup section */

/* Begin XCBuildConfiguration section */
		59B207DB24A846CD00AE8600 /* Debug */ = {
			isa = XCBuildConfiguration;
			buildSettings = {
				ALWAYS_SEARCH_USER_PATHS = NO;
				CLANG_ANALYZER_NONNULL = YES;
				CLANG_ANALYZER_NUMBER_OBJECT_CONVERSION = YES_AGGRESSIVE;
				CLANG_CXX_LANGUAGE_STANDARD = "gnu++14";
				CLANG_CXX_LIBRARY = "libc++";
				CLANG_ENABLE_MODULES = YES;
				CLANG_ENABLE_OBJC_ARC = YES;
				CLANG_ENABLE_OBJC_WEAK = YES;
				CLANG_WARN_BLOCK_CAPTURE_AUTORELEASING = YES;
				CLANG_WARN_BOOL_CONVERSION = YES;
				CLANG_WARN_COMMA = YES;
				CLANG_WARN_CONSTANT_CONVERSION = YES;
				CLANG_WARN_DEPRECATED_OBJC_IMPLEMENTATIONS = YES;
				CLANG_WARN_DIRECT_OBJC_ISA_USAGE = YES_ERROR;
				CLANG_WARN_DOCUMENTATION_COMMENTS = YES;
				CLANG_WARN_EMPTY_BODY = YES;
				CLANG_WARN_ENUM_CONVERSION = YES;
				CLANG_WARN_INFINITE_RECURSION = YES;
				CLANG_WARN_INT_CONVERSION = YES;
				CLANG_WARN_NON_LITERAL_NULL_CONVERSION = YES;
				CLANG_WARN_OBJC_IMPLICIT_RETAIN_SELF = YES;
				CLANG_WARN_OBJC_LITERAL_CONVERSION = YES;
				CLANG_WARN_OBJC_ROOT_CLASS = YES_ERROR;
				CLANG_WARN_RANGE_LOOP_ANALYSIS = YES;
				CLANG_WARN_STRICT_PROTOTYPES = YES;
				CLANG_WARN_SUSPICIOUS_MOVE = YES;
				CLANG_WARN_UNGUARDED_AVAILABILITY = YES_AGGRESSIVE;
				CLANG_WARN_UNREACHABLE_CODE = YES;
				CLANG_WARN__DUPLICATE_METHOD_MATCH = YES;
				COPY_PHASE_STRIP = NO;
				DEBUG_INFORMATION_FORMAT = dwarf;
				ENABLE_STRICT_OBJC_MSGSEND = YES;
				ENABLE_TESTABILITY = YES;
				GCC_C_LANGUAGE_STANDARD = gnu11;
				GCC_DYNAMIC_NO_PIC = NO;
				GCC_NO_COMMON_BLOCKS = YES;
				GCC_OPTIMIZATION_LEVEL = 0;
				GCC_PREPROCESSOR_DEFINITIONS = (
					"DEBUG=1",
					"$(inherited)",
				);
				GCC_WARN_64_TO_32_BIT_CONVERSION = YES;
				GCC_WARN_ABOUT_RETURN_TYPE = YES_ERROR;
				GCC_WARN_UNDECLARED_SELECTOR = YES;
				GCC_WARN_UNINITIALIZED_AUTOS = YES_AGGRESSIVE;
				GCC_WARN_UNUSED_FUNCTION = YES;
				GCC_WARN_UNUSED_VARIABLE = YES;
				IPHONEOS_DEPLOYMENT_TARGET = 13.5;
				MTL_ENABLE_DEBUG_INFO = INCLUDE_SOURCE;
				MTL_FAST_MATH = YES;
				ONLY_ACTIVE_ARCH = YES;
				SDKROOT = iphoneos;
				SWIFT_ACTIVE_COMPILATION_CONDITIONS = DEBUG;
				SWIFT_OPTIMIZATION_LEVEL = "-Onone";
			};
			name = Debug;
		};
		59B207DC24A846CD00AE8600 /* Release */ = {
			isa = XCBuildConfiguration;
			buildSettings = {
				ALWAYS_SEARCH_USER_PATHS = NO;
				CLANG_ANALYZER_NONNULL = YES;
				CLANG_ANALYZER_NUMBER_OBJECT_CONVERSION = YES_AGGRESSIVE;
				CLANG_CXX_LANGUAGE_STANDARD = "gnu++14";
				CLANG_CXX_LIBRARY = "libc++";
				CLANG_ENABLE_MODULES = YES;
				CLANG_ENABLE_OBJC_ARC = YES;
				CLANG_ENABLE_OBJC_WEAK = YES;
				CLANG_WARN_BLOCK_CAPTURE_AUTORELEASING = YES;
				CLANG_WARN_BOOL_CONVERSION = YES;
				CLANG_WARN_COMMA = YES;
				CLANG_WARN_CONSTANT_CONVERSION = YES;
				CLANG_WARN_DEPRECATED_OBJC_IMPLEMENTATIONS = YES;
				CLANG_WARN_DIRECT_OBJC_ISA_USAGE = YES_ERROR;
				CLANG_WARN_DOCUMENTATION_COMMENTS = YES;
				CLANG_WARN_EMPTY_BODY = YES;
				CLANG_WARN_ENUM_CONVERSION = YES;
				CLANG_WARN_INFINITE_RECURSION = YES;
				CLANG_WARN_INT_CONVERSION = YES;
				CLANG_WARN_NON_LITERAL_NULL_CONVERSION = YES;
				CLANG_WARN_OBJC_IMPLICIT_RETAIN_SELF = YES;
				CLANG_WARN_OBJC_LITERAL_CONVERSION = YES;
				CLANG_WARN_OBJC_ROOT_CLASS = YES_ERROR;
				CLANG_WARN_RANGE_LOOP_ANALYSIS = YES;
				CLANG_WARN_STRICT_PROTOTYPES = YES;
				CLANG_WARN_SUSPICIOUS_MOVE = YES;
				CLANG_WARN_UNGUARDED_AVAILABILITY = YES_AGGRESSIVE;
				CLANG_WARN_UNREACHABLE_CODE = YES;
				CLANG_WARN__DUPLICATE_METHOD_MATCH = YES;
				COPY_PHASE_STRIP = NO;
				DEBUG_INFORMATION_FORMAT = "dwarf-with-dsym";
				ENABLE_NS_ASSERTIONS = NO;
				ENABLE_STRICT_OBJC_MSGSEND = YES;
				GCC_C_LANGUAGE_STANDARD = gnu11;
				GCC_NO_COMMON_BLOCKS = YES;
				GCC_WARN_64_TO_32_BIT_CONVERSION = YES;
				GCC_WARN_ABOUT_RETURN_TYPE = YES_ERROR;
				GCC_WARN_UNDECLARED_SELECTOR = YES;
				GCC_WARN_UNINITIALIZED_AUTOS = YES_AGGRESSIVE;
				GCC_WARN_UNUSED_FUNCTION = YES;
				GCC_WARN_UNUSED_VARIABLE = YES;
				IPHONEOS_DEPLOYMENT_TARGET = 13.5;
				MTL_ENABLE_DEBUG_INFO = NO;
				MTL_FAST_MATH = YES;
				SDKROOT = iphoneos;
				SWIFT_COMPILATION_MODE = wholemodule;
				SWIFT_OPTIMIZATION_LEVEL = "-O";
				VALIDATE_PRODUCT = YES;
			};
			name = Release;
		};
		59B207DE24A846CD00AE8600 /* Debug */ = {
			isa = XCBuildConfiguration;
			buildSettings = {
				ASSETCATALOG_COMPILER_APPICON_NAME = AppIcon;
				CODE_SIGN_STYLE = Automatic;
				INFOPLIST_FILE = cw5/Info.plist;
				LD_RUNPATH_SEARCH_PATHS = (
					"$(inherited)",
					"@executable_path/Frameworks",
				);
				PRODUCT_BUNDLE_IDENTIFIER = Batool.cw5;
				PRODUCT_NAME = xo;
				SWIFT_VERSION = 5.0;
				TARGETED_DEVICE_FAMILY = "1,2";
			};
			name = Debug;
		};
		59B207DF24A846CD00AE8600 /* Release */ = {
			isa = XCBuildConfiguration;
			buildSettings = {
				ASSETCATALOG_COMPILER_APPICON_NAME = AppIcon;
				CODE_SIGN_STYLE = Automatic;
				INFOPLIST_FILE = cw5/Info.plist;
				LD_RUNPATH_SEARCH_PATHS = (
					"$(inherited)",
					"@executable_path/Frameworks",
				);
				PRODUCT_BUNDLE_IDENTIFIER = Batool.cw5;
				PRODUCT_NAME = xo;
				SWIFT_VERSION = 5.0;
				TARGETED_DEVICE_FAMILY = "1,2";
			};
			name = Release;
		};
		59B207E124A846CD00AE8600 /* Debug */ = {
			isa = XCBuildConfiguration;
			buildSettings = {
				ALWAYS_EMBED_SWIFT_STANDARD_LIBRARIES = YES;
				BUNDLE_LOADER = "$(TEST_HOST)";
				CODE_SIGN_STYLE = Automatic;
				INFOPLIST_FILE = cw5Tests/Info.plist;
				IPHONEOS_DEPLOYMENT_TARGET = 13.5;
				LD_RUNPATH_SEARCH_PATHS = (
					"$(inherited)",
					"@executable_path/Frameworks",
					"@loader_path/Frameworks",
				);
				PRODUCT_BUNDLE_IDENTIFIER = Batool.cw5Tests;
				PRODUCT_NAME = "$(TARGET_NAME)";
				SWIFT_VERSION = 5.0;
				TARGETED_DEVICE_FAMILY = "1,2";
				TEST_HOST = "$(BUILT_PRODUCTS_DIR)/cw5.app/cw5";
			};
			name = Debug;
		};
		59B207E224A846CD00AE8600 /* Release */ = {
			isa = XCBuildConfiguration;
			buildSettings = {
				ALWAYS_EMBED_SWIFT_STANDARD_LIBRARIES = YES;
				BUNDLE_LOADER = "$(TEST_HOST)";
				CODE_SIGN_STYLE = Automatic;
				INFOPLIST_FILE = cw5Tests/Info.plist;
				IPHONEOS_DEPLOYMENT_TARGET = 13.5;
				LD_RUNPATH_SEARCH_PATHS = (
					"$(inherited)",
					"@executable_path/Frameworks",
					"@loader_path/Frameworks",
				);
				PRODUCT_BUNDLE_IDENTIFIER = Batool.cw5Tests;
				PRODUCT_NAME = "$(TARGET_NAME)";
				SWIFT_VERSION = 5.0;
				TARGETED_DEVICE_FAMILY = "1,2";
				TEST_HOST = "$(BUILT_PRODUCTS_DIR)/cw5.app/cw5";
			};
			name = Release;
		};
		59B207E424A846CD00AE8600 /* Debug */ = {
			isa = XCBuildConfiguration;
			buildSettings = {
				ALWAYS_EMBED_SWIFT_STANDARD_LIBRARIES = YES;
				CODE_SIGN_STYLE = Automatic;
				INFOPLIST_FILE = cw5UITests/Info.plist;
				LD_RUNPATH_SEARCH_PATHS = (
					"$(inherited)",
					"@executable_path/Frameworks",
					"@loader_path/Frameworks",
				);
				PRODUCT_BUNDLE_IDENTIFIER = Batool.cw5UITests;
				PRODUCT_NAME = "$(TARGET_NAME)";
				SWIFT_VERSION = 5.0;
				TARGETED_DEVICE_FAMILY = "1,2";
				TEST_TARGET_NAME = cw5;
			};
			name = Debug;
		};
		59B207E524A846CD00AE8600 /* Release */ = {
			isa = XCBuildConfiguration;
			buildSettings = {
				ALWAYS_EMBED_SWIFT_STANDARD_LIBRARIES = YES;
				CODE_SIGN_STYLE = Automatic;
				INFOPLIST_FILE = cw5UITests/Info.plist;
				LD_RUNPATH_SEARCH_PATHS = (
					"$(inherited)",
					"@executable_path/Frameworks",
					"@loader_path/Frameworks",
				);
				PRODUCT_BUNDLE_IDENTIFIER = Batool.cw5UITests;
				PRODUCT_NAME = "$(TARGET_NAME)";
				SWIFT_VERSION = 5.0;
				TARGETED_DEVICE_FAMILY = "1,2";
				TEST_TARGET_NAME = cw5;
			};
			name = Release;
		};
/* End XCBuildConfiguration section */

/* Begin XCConfigurationList section */
		59B207AE24A846C800AE8600 /* Build configuration list for PBXProject "cw5" */ = {
			isa = XCConfigurationList;
			buildConfigurations = (
				59B207DB24A846CD00AE8600 /* Debug */,
				59B207DC24A846CD00AE8600 /* Release */,
			);
			defaultConfigurationIsVisible = 0;
			defaultConfigurationName = Release;
		};
		59B207DD24A846CD00AE8600 /* Build configuration list for PBXNativeTarget "cw5" */ = {
			isa = XCConfigurationList;
			buildConfigurations = (
				59B207DE24A846CD00AE8600 /* Debug */,
				59B207DF24A846CD00AE8600 /* Release */,
			);
			defaultConfigurationIsVisible = 0;
			defaultConfigurationName = Release;
		};
		59B207E024A846CD00AE8600 /* Build configuration list for PBXNativeTarget "cw5Tests" */ = {
			isa = XCConfigurationList;
			buildConfigurations = (
				59B207E124A846CD00AE8600 /* Debug */,
				59B207E224A846CD00AE8600 /* Release */,
			);
			defaultConfigurationIsVisible = 0;
			defaultConfigurationName = Release;
		};
		59B207E324A846CD00AE8600 /* Build configuration list for PBXNativeTarget "cw5UITests" */ = {
			isa = XCConfigurationList;
			buildConfigurations = (
				59B207E424A846CD00AE8600 /* Debug */,
				59B207E524A846CD00AE8600 /* Release */,
			);
			defaultConfigurationIsVisible = 0;
			defaultConfigurationName = Release;
		};
/* End XCConfigurationList section */
	};
	rootObject = 59B207AB24A846C800AE8600 /* Project object */;
}
